
Microsoft Visual Studio Solution File, Format Version 12.00
# Visual Studio Version 17
VisualStudioVersion = 17.11.35327.3
MinimumVisualStudioVersion = 10.0.40219.1
Project("{9A19103F-16F7-4668-BE54-9A1E7A4F7556}") = "SmKChat", "SmKChat\SmKChat.csproj", "{DE417DBB-6E63-423D-8C5D-68A25D2C7B20}"
EndProject
Project("{9A19103F-16F7-4668-BE54-9A1E7A4F7556}") = "SmKPlugins", "SmKPlugins\SmKPlugins.csproj", "{AC8726D4-46EF-4914-AF46-9B386291680A}"
EndProject
Project("{FAE04EC0-301F-11D3-BF4B-00C04F79EFBC}") = "LoadPDF", "LoadPDF\LoadPDF.csproj", "{1B62FBEE-02C5-4D86-BA09-8E59DCC46764}"
EndProject
Project("{FAE04EC0-301F-11D3-BF4B-00C04F79EFBC}") = "SmkRAG", "SmkRAG\SmkRAG.csproj", "{C7337119-F4E3-4822-85E3-90AD3CFA722A}"
EndProject
Global
	GlobalSection(SolutionConfigurationPlatforms) = preSolution
		Debug|Any CPU = Debug|Any CPU
		Release|Any CPU = Release|Any CPU
	EndGlobalSection
	GlobalSection(ProjectConfigurationPlatforms) = postSolution
		{DE417DBB-6E63-423D-8C5D-68A25D2C7B20}.Debug|Any CPU.ActiveCfg = Debug|Any CPU
		{DE417DBB-6E63-423D-8C5D-68A25D2C7B20}.Debug|Any CPU.Build.0 = Debug|Any CPU
		{DE417DBB-6E63-423D-8C5D-68A25D2C7B20}.Release|Any CPU.ActiveCfg = Release|Any CPU
		{DE417DBB-6E63-423D-8C5D-68A25D2C7B20}.Release|Any CPU.Build.0 = Release|Any CPU
		{AC8726D4-46EF-4914-AF46-9B386291680A}.Debug|Any CPU.ActiveCfg = Debug|Any CPU
		{AC8726D4-46EF-4914-AF46-9B386291680A}.Debug|Any CPU.Build.0 = Debug|Any CPU
		{AC8726D4-46EF-4914-AF46-9B386291680A}.Release|Any CPU.ActiveCfg = Release|Any CPU
		{AC8726D4-46EF-4914-AF46-9B386291680A}.Release|Any CPU.Build.0 = Release|Any CPU
		{1B62FBEE-02C5-4D86-BA09-8E59DCC46764}.Debug|Any CPU.ActiveCfg = Debug|Any CPU
		{1B62FBEE-02C5-4D86-BA09-8E59DCC46764}.Debug|Any CPU.Build.0 = Debug|Any CPU
		{1B62FBEE-02C5-4D86-BA09-8E59DCC46764}.Release|Any CPU.ActiveCfg = Release|Any CPU
		{1B62FBEE-02C5-4D86-BA09-8E59DCC46764}.Release|Any CPU.Build.0 = Release|Any CPU
		{C7337119-F4E3-4822-85E3-90AD3CFA722A}.Debug|Any CPU.ActiveCfg = Debug|Any CPU
		{C7337119-F4E3-4822-85E3-90AD3CFA722A}.Debug|Any CPU.Build.0 = Debug|Any CPU
		{C7337119-F4E3-4822-85E3-90AD3CFA722A}.Release|Any CPU.ActiveCfg = Release|Any CPU
		{C7337119-F4E3-4822-85E3-90AD3CFA722A}.Release|Any CPU.Build.0 = Release|Any CPU
	EndGlobalSection
	GlobalSection(SolutionProperties) = preSolution
		HideSolutionNode = FALSE
	EndGlobalSection
	GlobalSection(ExtensibilityGlobals) = postSolution
		SolutionGuid = {22E4371D-024D-4E1A-AF27-C960B262D93F}
	EndGlobalSection
EndGlobal
